
Microsoft Visual Studio Solution File, Format Version 12.00
# Visual Studio Version 16
VisualStudioVersion = 16.0.30225.117
MinimumVisualStudioVersion = 10.0.40219.1
Project("{9A19103F-16F7-4668-BE54-9A1E7A4F7556}") = "Calculator_new", "Calculator_new.csproj", "{2F3D1504-2A5A-43D2-94F3-8595E035596F}"
EndProject
Global
	GlobalSection(SolutionConfigurationPlatforms) = preSolution
		Debug|Any CPU = Debug|Any CPU
		Release|Any CPU = Release|Any CPU
	EndGlobalSection
	GlobalSection(ProjectConfigurationPlatforms) = postSolution
		{2F3D1504-2A5A-43D2-94F3-8595E035596F}.Debug|Any CPU.ActiveCfg = Debug|Any CPU
		{2F3D1504-2A5A-43D2-94F3-8595E035596F}.Debug|Any CPU.Build.0 = Debug|Any CPU
		{2F3D1504-2A5A-43D2-94F3-8595E035596F}.Release|Any CPU.ActiveCfg = Release|Any CPU
		{2F3D1504-2A5A-43D2-94F3-8595E035596F}.Release|Any CPU.Build.0 = Release|Any CPU
	EndGlobalSection
	GlobalSection(SolutionProperties) = preSolution
		HideSolutionNode = FALSE
	EndGlobalSection
	GlobalSection(ExtensibilityGlobals) = postSolution
		SolutionGuid = {7DB96522-FBF5-471A-8E6E-A8FE13351972}
	EndGlobalSection
EndGlobal
